
Microsoft Visual Studio Solution File, Format Version 12.00
# Visual Studio 15
Project("{FAE04EC0-301F-11D3-BF4B-00C04F79EFBC}") = "Assembly-CSharp", "Assembly-CSharp.csproj", "{6768929F-F1B3-244C-549C-FB5EDB9FA0A2}"
EndProject
Project("{FAE04EC0-301F-11D3-BF4B-00C04F79EFBC}") = "Assembly-CSharp-Editor", "Assembly-CSharp-Editor.csproj", "{0AD77BD6-C8EC-B07D-13C2-77CB51AA7DF4}"
EndProject
Global
	GlobalSection(SolutionConfigurationPlatforms) = preSolution
		Debug|Any CPU = Debug|Any CPU
		Release|Any CPU = Release|Any CPU
	EndGlobalSection
	GlobalSection(ProjectConfigurationPlatforms) = postSolution
		{6768929F-F1B3-244C-549C-FB5EDB9FA0A2}.Debug|Any CPU.ActiveCfg = Debug|Any CPU
		{6768929F-F1B3-244C-549C-FB5EDB9FA0A2}.Debug|Any CPU.Build.0 = Debug|Any CPU
		{6768929F-F1B3-244C-549C-FB5EDB9FA0A2}.Release|Any CPU.ActiveCfg = Release|Any CPU
		{6768929F-F1B3-244C-549C-FB5EDB9FA0A2}.Release|Any CPU.Build.0 = Release|Any CPU
		{0AD77BD6-C8EC-B07D-13C2-77CB51AA7DF4}.Debug|Any CPU.ActiveCfg = Debug|Any CPU
		{0AD77BD6-C8EC-B07D-13C2-77CB51AA7DF4}.Debug|Any CPU.Build.0 = Debug|Any CPU
		{0AD77BD6-C8EC-B07D-13C2-77CB51AA7DF4}.Release|Any CPU.ActiveCfg = Release|Any CPU
		{0AD77BD6-C8EC-B07D-13C2-77CB51AA7DF4}.Release|Any CPU.Build.0 = Release|Any CPU
	EndGlobalSection
	GlobalSection(SolutionProperties) = preSolution
		HideSolutionNode = FALSE
	EndGlobalSection
EndGlobal
